
Microsoft Visual Studio Solution File, Format Version 12.00
# Visual Studio Version 16
VisualStudioVersion = 16.0.29806.167
MinimumVisualStudioVersion = 10.0.40219.1
Project("{9A19103F-16F7-4668-BE54-9A1E7A4F7556}") = "CMH.CS.ERP.IntegrationHub.Interpol.WinService", "CMH.CS.ERP.IntegrationHub.Interpol.WinService\CMH.CS.ERP.IntegrationHub.Interpol.WinService.csproj", "{B8408574-E3F9-42A8-885A-387E5575B34E}"
EndProject
Project("{9A19103F-16F7-4668-BE54-9A1E7A4F7556}") = "CMH.CS.ERP.IntegrationHub.Interpol.Biz", "CMH.CS.ERP.IntegrationHub.Interpol.Biz\CMH.CS.ERP.IntegrationHub.Interpol.Biz.csproj", "{23C93EAE-ECFD-406C-B128-113E837D5164}"
EndProject
Project("{9A19103F-16F7-4668-BE54-9A1E7A4F7556}") = "CMH.CS.ERP.IntegrationHub.Interpol.Configuration", "CMH.CS.ERP.IntegrationHub.Interpol.Configuration\CMH.CS.ERP.IntegrationHub.Interpol.Configuration.csproj", "{C7180E0E-60A4-4EC7-BF79-1772630A0DB2}"
EndProject
Project("{2150E333-8FDC-42A3-9474-1A3956D46DE8}") = "Tests", "Tests", "{464E7482-6AE3-4989-8870-5B7418B30EEF}"
EndProject
Project("{9A19103F-16F7-4668-BE54-9A1E7A4F7556}") = "CMH.CS.ERP.IntegrationHub.Interpol.Biz.Tests", "CMH.CS.ERP.IntegrationHub.Interpol.Biz.Tests\CMH.CS.ERP.IntegrationHub.Interpol.Biz.Tests.csproj", "{08AFF202-E954-41D3-B574-2E2736A6030C}"
EndProject
Project("{9A19103F-16F7-4668-BE54-9A1E7A4F7556}") = "CMH.CS.ERP.IntegrationHub.Interpol.Data.Tests", "CMH.CS.ERP.IntegrationHub.Interpol.Data.Tests\CMH.CS.ERP.IntegrationHub.Interpol.Data.Tests.csproj", "{A0861D10-992C-4891-8EB0-30BC7B031801}"
EndProject
Project("{9A19103F-16F7-4668-BE54-9A1E7A4F7556}") = "CMH.CS.ERP.IntegrationHub.Interpol.ConsoleApp", "CMH.CS.ERP.IntegrationHub.Interpol.ConsoleApp\CMH.CS.ERP.IntegrationHub.Interpol.ConsoleApp.csproj", "{A7968104-9A24-4448-A318-9DE5B69139A8}"
EndProject
Project("{9A19103F-16F7-4668-BE54-9A1E7A4F7556}") = "CMH.CS.ERP.IntegrationHub.Interpol", "CMH.CS.ERP.IntegrationHub.Interpol\CMH.CS.ERP.IntegrationHub.Interpol.csproj", "{9193BA5C-0586-488A-A8A6-5CE913271DDE}"
EndProject
Project("{9A19103F-16F7-4668-BE54-9A1E7A4F7556}") = "CMH.CS.ERP.IntegrationHub.Interpol.ServiceHosting", "CMH.CS.ERP.IntegrationHub.Interpol.ServiceHosting\CMH.CS.ERP.IntegrationHub.Interpol.ServiceHosting.csproj", "{CD29B942-E302-4EBF-AAAF-8B7C145E2F8D}"
EndProject
Project("{9A19103F-16F7-4668-BE54-9A1E7A4F7556}") = "CMH.CS.ERP.IntegrationHub.Interpol.Models", "CMH.CS.ERP.IntegrationHub.Interpol.Models\CMH.CS.ERP.IntegrationHub.Interpol.Models.csproj", "{0418F98E-B372-486B-9443-AA4AD33C008E}"
EndProject
Project("{9A19103F-16F7-4668-BE54-9A1E7A4F7556}") = "CMH.CS.ERP.IntegrationHub.Interpol.Interfaces", "CMH.CS.ERP.IntegrationHub.Interpol.Interfaces\CMH.CS.ERP.IntegrationHub.Interpol.Interfaces.csproj", "{EB189022-211A-492D-9CB7-6D2B4B2AE5E2}"
EndProject
Global
	GlobalSection(SolutionConfigurationPlatforms) = preSolution
		Debug - ConsoleApp|Any CPU = Debug - ConsoleApp|Any CPU
		Debug - ConsoleApp|x86 = Debug - ConsoleApp|x86
		Debug - WinService|Any CPU = Debug - WinService|Any CPU
		Debug - WinService|x86 = Debug - WinService|x86
		Debug|Any CPU = Debug|Any CPU
		Debug|x86 = Debug|x86
		Release - ConsoleApp|Any CPU = Release - ConsoleApp|Any CPU
		Release - ConsoleApp|x86 = Release - ConsoleApp|x86
		Release - WinService|Any CPU = Release - WinService|Any CPU
		Release - WinService|x86 = Release - WinService|x86
		Release|Any CPU = Release|Any CPU
		Release|x86 = Release|x86
	EndGlobalSection
	GlobalSection(ProjectConfigurationPlatforms) = postSolution
		{B8408574-E3F9-42A8-885A-387E5575B34E}.Debug - ConsoleApp|Any CPU.ActiveCfg = Debug|Any CPU
		{B8408574-E3F9-42A8-885A-387E5575B34E}.Debug - ConsoleApp|x86.ActiveCfg = Debug|Any CPU
		{B8408574-E3F9-42A8-885A-387E5575B34E}.Debug - ConsoleApp|x86.Build.0 = Debug|Any CPU
		{B8408574-E3F9-42A8-885A-387E5575B34E}.Debug - WinService|Any CPU.ActiveCfg = Debug|Any CPU
		{B8408574-E3F9-42A8-885A-387E5575B34E}.Debug - WinService|Any CPU.Build.0 = Debug|Any CPU
		{B8408574-E3F9-42A8-885A-387E5575B34E}.Debug - WinService|x86.ActiveCfg = Debug|Any CPU
		{B8408574-E3F9-42A8-885A-387E5575B34E}.Debug - WinService|x86.Build.0 = Debug|Any CPU
		{B8408574-E3F9-42A8-885A-387E5575B34E}.Debug|Any CPU.ActiveCfg = Debug|Any CPU
		{B8408574-E3F9-42A8-885A-387E5575B34E}.Debug|Any CPU.Build.0 = Debug|Any CPU
		{B8408574-E3F9-42A8-885A-387E5575B34E}.Debug|x86.ActiveCfg = Debug|Any CPU
		{B8408574-E3F9-42A8-885A-387E5575B34E}.Debug|x86.Build.0 = Debug|Any CPU
		{B8408574-E3F9-42A8-885A-387E5575B34E}.Release - ConsoleApp|Any CPU.ActiveCfg = Release|Any CPU
		{B8408574-E3F9-42A8-885A-387E5575B34E}.Release - ConsoleApp|x86.ActiveCfg = Release|Any CPU
		{B8408574-E3F9-42A8-885A-387E5575B34E}.Release - ConsoleApp|x86.Build.0 = Release|Any CPU
		{B8408574-E3F9-42A8-885A-387E5575B34E}.Release - WinService|Any CPU.ActiveCfg = Release|Any CPU
		{B8408574-E3F9-42A8-885A-387E5575B34E}.Release - WinService|Any CPU.Build.0 = Release|Any CPU
		{B8408574-E3F9-42A8-885A-387E5575B34E}.Release - WinService|x86.ActiveCfg = Release|Any CPU
		{B8408574-E3F9-42A8-885A-387E5575B34E}.Release - WinService|x86.Build.0 = Release|Any CPU
		{B8408574-E3F9-42A8-885A-387E5575B34E}.Release|Any CPU.ActiveCfg = Release|Any CPU
		{B8408574-E3F9-42A8-885A-387E5575B34E}.Release|Any CPU.Build.0 = Release|Any CPU
		{B8408574-E3F9-42A8-885A-387E5575B34E}.Release|x86.ActiveCfg = Release|Any CPU
		{B8408574-E3F9-42A8-885A-387E5575B34E}.Release|x86.Build.0 = Release|Any CPU
		{23C93EAE-ECFD-406C-B128-113E837D5164}.Debug - ConsoleApp|Any CPU.ActiveCfg = Debug|Any CPU
		{23C93EAE-ECFD-406C-B128-113E837D5164}.Debug - ConsoleApp|Any CPU.Build.0 = Debug|Any CPU
		{23C93EAE-ECFD-406C-B128-113E837D5164}.Debug - ConsoleApp|x86.ActiveCfg = Debug|Any CPU
		{23C93EAE-ECFD-406C-B128-113E837D5164}.Debug - ConsoleApp|x86.Build.0 = Debug|Any CPU
		{23C93EAE-ECFD-406C-B128-113E837D5164}.Debug - WinService|Any CPU.ActiveCfg = Debug|Any CPU
		{23C93EAE-ECFD-406C-B128-113E837D5164}.Debug - WinService|Any CPU.Build.0 = Debug|Any CPU
		{23C93EAE-ECFD-406C-B128-113E837D5164}.Debug - WinService|x86.ActiveCfg = Debug|Any CPU
		{23C93EAE-ECFD-406C-B128-113E837D5164}.Debug - WinService|x86.Build.0 = Debug|Any CPU
		{23C93EAE-ECFD-406C-B128-113E837D5164}.Debug|Any CPU.ActiveCfg = Debug|Any CPU
		{23C93EAE-ECFD-406C-B128-113E837D5164}.Debug|Any CPU.Build.0 = Debug|Any CPU
		{23C93EAE-ECFD-406C-B128-113E837D5164}.Debug|x86.ActiveCfg = Debug|Any CPU
		{23C93EAE-ECFD-406C-B128-113E837D5164}.Debug|x86.Build.0 = Debug|Any CPU
		{23C93EAE-ECFD-406C-B128-113E837D5164}.Release - ConsoleApp|Any CPU.ActiveCfg = Release|Any CPU
		{23C93EAE-ECFD-406C-B128-113E837D5164}.Release - ConsoleApp|Any CPU.Build.0 = Release|Any CPU
		{23C93EAE-ECFD-406C-B128-113E837D5164}.Release - ConsoleApp|x86.ActiveCfg = Release|Any CPU
		{23C93EAE-ECFD-406C-B128-113E837D5164}.Release - ConsoleApp|x86.Build.0 = Release|Any CPU
		{23C93EAE-ECFD-406C-B128-113E837D5164}.Release - WinService|Any CPU.ActiveCfg = Release|Any CPU
		{23C93EAE-ECFD-406C-B128-113E837D5164}.Release - WinService|Any CPU.Build.0 = Release|Any CPU
		{23C93EAE-ECFD-406C-B128-113E837D5164}.Release - WinService|x86.ActiveCfg = Release|Any CPU
		{23C93EAE-ECFD-406C-B128-113E837D5164}.Release - WinService|x86.Build.0 = Release|Any CPU
		{23C93EAE-ECFD-406C-B128-113E837D5164}.Release|Any CPU.ActiveCfg = Release|Any CPU
		{23C93EAE-ECFD-406C-B128-113E837D5164}.Release|Any CPU.Build.0 = Release|Any CPU
		{23C93EAE-ECFD-406C-B128-113E837D5164}.Release|x86.ActiveCfg = Release|Any CPU
		{23C93EAE-ECFD-406C-B128-113E837D5164}.Release|x86.Build.0 = Release|Any CPU
		{C7180E0E-60A4-4EC7-BF79-1772630A0DB2}.Debug - ConsoleApp|Any CPU.ActiveCfg = Debug|Any CPU
		{C7180E0E-60A4-4EC7-BF79-1772630A0DB2}.Debug - ConsoleApp|Any CPU.Build.0 = Debug|Any CPU
		{C7180E0E-60A4-4EC7-BF79-1772630A0DB2}.Debug - ConsoleApp|x86.ActiveCfg = Debug|Any CPU
		{C7180E0E-60A4-4EC7-BF79-1772630A0DB2}.Debug - ConsoleApp|x86.Build.0 = Debug|Any CPU
		{C7180E0E-60A4-4EC7-BF79-1772630A0DB2}.Debug - WinService|Any CPU.ActiveCfg = Debug|Any CPU
		{C7180E0E-60A4-4EC7-BF79-1772630A0DB2}.Debug - WinService|Any CPU.Build.0 = Debug|Any CPU
		{C7180E0E-60A4-4EC7-BF79-1772630A0DB2}.Debug - WinService|x86.ActiveCfg = Debug|Any CPU
		{C7180E0E-60A4-4EC7-BF79-1772630A0DB2}.Debug - WinService|x86.Build.0 = Debug|Any CPU
		{C7180E0E-60A4-4EC7-BF79-1772630A0DB2}.Debug|Any CPU.ActiveCfg = Debug|Any CPU
		{C7180E0E-60A4-4EC7-BF79-1772630A0DB2}.Debug|Any CPU.Build.0 = Debug|Any CPU
		{C7180E0E-60A4-4EC7-BF79-1772630A0DB2}.Debug|x86.ActiveCfg = Debug|Any CPU
		{C7180E0E-60A4-4EC7-BF79-1772630A0DB2}.Debug|x86.Build.0 = Debug|Any CPU
		{C7180E0E-60A4-4EC7-BF79-1772630A0DB2}.Release - ConsoleApp|Any CPU.ActiveCfg = Release|Any CPU
		{C7180E0E-60A4-4EC7-BF79-1772630A0DB2}.Release - ConsoleApp|Any CPU.Build.0 = Release|Any CPU
		{C7180E0E-60A4-4EC7-BF79-1772630A0DB2}.Release - ConsoleApp|x86.ActiveCfg = Release|Any CPU
		{C7180E0E-60A4-4EC7-BF79-1772630A0DB2}.Release - ConsoleApp|x86.Build.0 = Release|Any CPU
		{C7180E0E-60A4-4EC7-BF79-1772630A0DB2}.Release - WinService|Any CPU.ActiveCfg = Release|Any CPU
		{C7180E0E-60A4-4EC7-BF79-1772630A0DB2}.Release - WinService|Any CPU.Build.0 = Release|Any CPU
		{C7180E0E-60A4-4EC7-BF79-1772630A0DB2}.Release - WinService|x86.ActiveCfg = Release|Any CPU
		{C7180E0E-60A4-4EC7-BF79-1772630A0DB2}.Release - WinService|x86.Build.0 = Release|Any CPU
		{C7180E0E-60A4-4EC7-BF79-1772630A0DB2}.Release|Any CPU.ActiveCfg = Release|Any CPU
		{C7180E0E-60A4-4EC7-BF79-1772630A0DB2}.Release|Any CPU.Build.0 = Release|Any CPU
		{C7180E0E-60A4-4EC7-BF79-1772630A0DB2}.Release|x86.ActiveCfg = Release|Any CPU
		{C7180E0E-60A4-4EC7-BF79-1772630A0DB2}.Release|x86.Build.0 = Release|Any CPU
		{08AFF202-E954-41D3-B574-2E2736A6030C}.Debug - ConsoleApp|Any CPU.ActiveCfg = Debug|Any CPU
		{08AFF202-E954-41D3-B574-2E2736A6030C}.Debug - ConsoleApp|Any CPU.Build.0 = Debug|Any CPU
		{08AFF202-E954-41D3-B574-2E2736A6030C}.Debug - ConsoleApp|x86.ActiveCfg = Debug|Any CPU
		{08AFF202-E954-41D3-B574-2E2736A6030C}.Debug - ConsoleApp|x86.Build.0 = Debug|Any CPU
		{08AFF202-E954-41D3-B574-2E2736A6030C}.Debug - WinService|Any CPU.ActiveCfg = Debug|Any CPU
		{08AFF202-E954-41D3-B574-2E2736A6030C}.Debug - WinService|Any CPU.Build.0 = Debug|Any CPU
		{08AFF202-E954-41D3-B574-2E2736A6030C}.Debug - WinService|x86.ActiveCfg = Debug|Any CPU
		{08AFF202-E954-41D3-B574-2E2736A6030C}.Debug - WinService|x86.Build.0 = Debug|Any CPU
		{08AFF202-E954-41D3-B574-2E2736A6030C}.Debug|Any CPU.ActiveCfg = Debug|Any CPU
		{08AFF202-E954-41D3-B574-2E2736A6030C}.Debug|Any CPU.Build.0 = Debug|Any CPU
		{08AFF202-E954-41D3-B574-2E2736A6030C}.Debug|x86.ActiveCfg = Debug|Any CPU
		{08AFF202-E954-41D3-B574-2E2736A6030C}.Debug|x86.Build.0 = Debug|Any CPU
		{08AFF202-E954-41D3-B574-2E2736A6030C}.Release - ConsoleApp|Any CPU.ActiveCfg = Release|Any CPU
		{08AFF202-E954-41D3-B574-2E2736A6030C}.Release - ConsoleApp|Any CPU.Build.0 = Release|Any CPU
		{08AFF202-E954-41D3-B574-2E2736A6030C}.Release - ConsoleApp|x86.ActiveCfg = Release|Any CPU
		{08AFF202-E954-41D3-B574-2E2736A6030C}.Release - ConsoleApp|x86.Build.0 = Release|Any CPU
		{08AFF202-E954-41D3-B574-2E2736A6030C}.Release - WinService|Any CPU.ActiveCfg = Release|Any CPU
		{08AFF202-E954-41D3-B574-2E2736A6030C}.Release - WinService|Any CPU.Build.0 = Release|Any CPU
		{08AFF202-E954-41D3-B574-2E2736A6030C}.Release - WinService|x86.ActiveCfg = Release|Any CPU
		{08AFF202-E954-41D3-B574-2E2736A6030C}.Release - WinService|x86.Build.0 = Release|Any CPU
		{08AFF202-E954-41D3-B574-2E2736A6030C}.Release|Any CPU.ActiveCfg = Release|Any CPU
		{08AFF202-E954-41D3-B574-2E2736A6030C}.Release|Any CPU.Build.0 = Release|Any CPU
		{08AFF202-E954-41D3-B574-2E2736A6030C}.Release|x86.ActiveCfg = Release|Any CPU
		{08AFF202-E954-41D3-B574-2E2736A6030C}.Release|x86.Build.0 = Release|Any CPU
		{A0861D10-992C-4891-8EB0-30BC7B031801}.Debug - ConsoleApp|Any CPU.ActiveCfg = Debug|Any CPU
		{A0861D10-992C-4891-8EB0-30BC7B031801}.Debug - ConsoleApp|Any CPU.Build.0 = Debug|Any CPU
		{A0861D10-992C-4891-8EB0-30BC7B031801}.Debug - ConsoleApp|x86.ActiveCfg = Debug|Any CPU
		{A0861D10-992C-4891-8EB0-30BC7B031801}.Debug - ConsoleApp|x86.Build.0 = Debug|Any CPU
		{A0861D10-992C-4891-8EB0-30BC7B031801}.Debug - WinService|Any CPU.ActiveCfg = Debug|Any CPU
		{A0861D10-992C-4891-8EB0-30BC7B031801}.Debug - WinService|Any CPU.Build.0 = Debug|Any CPU
		{A0861D10-992C-4891-8EB0-30BC7B031801}.Debug - WinService|x86.ActiveCfg = Debug|Any CPU
		{A0861D10-992C-4891-8EB0-30BC7B031801}.Debug - WinService|x86.Build.0 = Debug|Any CPU
		{A0861D10-992C-4891-8EB0-30BC7B031801}.Debug|Any CPU.ActiveCfg = Debug|Any CPU
		{A0861D10-992C-4891-8EB0-30BC7B031801}.Debug|Any CPU.Build.0 = Debug|Any CPU
		{A0861D10-992C-4891-8EB0-30BC7B031801}.Debug|x86.ActiveCfg = Debug|Any CPU
		{A0861D10-992C-4891-8EB0-30BC7B031801}.Debug|x86.Build.0 = Debug|Any CPU
		{A0861D10-992C-4891-8EB0-30BC7B031801}.Release - ConsoleApp|Any CPU.ActiveCfg = Release|Any CPU
		{A0861D10-992C-4891-8EB0-30BC7B031801}.Release - ConsoleApp|Any CPU.Build.0 = Release|Any CPU
		{A0861D10-992C-4891-8EB0-30BC7B031801}.Release - ConsoleApp|x86.ActiveCfg = Release|Any CPU
		{A0861D10-992C-4891-8EB0-30BC7B031801}.Release - ConsoleApp|x86.Build.0 = Release|Any CPU
		{A0861D10-992C-4891-8EB0-30BC7B031801}.Release - WinService|Any CPU.ActiveCfg = Release|Any CPU
		{A0861D10-992C-4891-8EB0-30BC7B031801}.Release - WinService|Any CPU.Build.0 = Release|Any CPU
		{A0861D10-992C-4891-8EB0-30BC7B031801}.Release - WinService|x86.ActiveCfg = Release|Any CPU
		{A0861D10-992C-4891-8EB0-30BC7B031801}.Release - WinService|x86.Build.0 = Release|Any CPU
		{A0861D10-992C-4891-8EB0-30BC7B031801}.Release|Any CPU.ActiveCfg = Release|Any CPU
		{A0861D10-992C-4891-8EB0-30BC7B031801}.Release|Any CPU.Build.0 = Release|Any CPU
		{A0861D10-992C-4891-8EB0-30BC7B031801}.Release|x86.ActiveCfg = Release|Any CPU
		{A0861D10-992C-4891-8EB0-30BC7B031801}.Release|x86.Build.0 = Release|Any CPU
		{A7968104-9A24-4448-A318-9DE5B69139A8}.Debug - ConsoleApp|Any CPU.ActiveCfg = Debug|Any CPU
		{A7968104-9A24-4448-A318-9DE5B69139A8}.Debug - ConsoleApp|Any CPU.Build.0 = Debug|Any CPU
		{A7968104-9A24-4448-A318-9DE5B69139A8}.Debug - ConsoleApp|x86.ActiveCfg = Debug|Any CPU
		{A7968104-9A24-4448-A318-9DE5B69139A8}.Debug - ConsoleApp|x86.Build.0 = Debug|Any CPU
		{A7968104-9A24-4448-A318-9DE5B69139A8}.Debug - WinService|Any CPU.ActiveCfg = Debug|Any CPU
		{A7968104-9A24-4448-A318-9DE5B69139A8}.Debug - WinService|x86.ActiveCfg = Debug|Any CPU
		{A7968104-9A24-4448-A318-9DE5B69139A8}.Debug - WinService|x86.Build.0 = Debug|Any CPU
		{A7968104-9A24-4448-A318-9DE5B69139A8}.Debug|Any CPU.ActiveCfg = Debug|Any CPU
		{A7968104-9A24-4448-A318-9DE5B69139A8}.Debug|x86.ActiveCfg = Debug|Any CPU
		{A7968104-9A24-4448-A318-9DE5B69139A8}.Debug|x86.Build.0 = Debug|Any CPU
		{A7968104-9A24-4448-A318-9DE5B69139A8}.Release - ConsoleApp|Any CPU.ActiveCfg = Release|Any CPU
		{A7968104-9A24-4448-A318-9DE5B69139A8}.Release - ConsoleApp|Any CPU.Build.0 = Release|Any CPU
		{A7968104-9A24-4448-A318-9DE5B69139A8}.Release - ConsoleApp|x86.ActiveCfg = Release|Any CPU
		{A7968104-9A24-4448-A318-9DE5B69139A8}.Release - ConsoleApp|x86.Build.0 = Release|Any CPU
		{A7968104-9A24-4448-A318-9DE5B69139A8}.Release - WinService|Any CPU.ActiveCfg = Release|Any CPU
		{A7968104-9A24-4448-A318-9DE5B69139A8}.Release - WinService|x86.ActiveCfg = Release|Any CPU
		{A7968104-9A24-4448-A318-9DE5B69139A8}.Release - WinService|x86.Build.0 = Release|Any CPU
		{A7968104-9A24-4448-A318-9DE5B69139A8}.Release|Any CPU.ActiveCfg = Release|Any CPU
		{A7968104-9A24-4448-A318-9DE5B69139A8}.Release|x86.ActiveCfg = Release|Any CPU
		{A7968104-9A24-4448-A318-9DE5B69139A8}.Release|x86.Build.0 = Release|Any CPU
		{9193BA5C-0586-488A-A8A6-5CE913271DDE}.Debug - ConsoleApp|Any CPU.ActiveCfg = Debug|Any CPU
		{9193BA5C-0586-488A-A8A6-5CE913271DDE}.Debug - ConsoleApp|Any CPU.Build.0 = Debug|Any CPU
		{9193BA5C-0586-488A-A8A6-5CE913271DDE}.Debug - ConsoleApp|x86.ActiveCfg = Debug|Any CPU
		{9193BA5C-0586-488A-A8A6-5CE913271DDE}.Debug - ConsoleApp|x86.Build.0 = Debug|Any CPU
		{9193BA5C-0586-488A-A8A6-5CE913271DDE}.Debug - WinService|Any CPU.ActiveCfg = Debug|Any CPU
		{9193BA5C-0586-488A-A8A6-5CE913271DDE}.Debug - WinService|Any CPU.Build.0 = Debug|Any CPU
		{9193BA5C-0586-488A-A8A6-5CE913271DDE}.Debug - WinService|x86.ActiveCfg = Debug|Any CPU
		{9193BA5C-0586-488A-A8A6-5CE913271DDE}.Debug - WinService|x86.Build.0 = Debug|Any CPU
		{9193BA5C-0586-488A-A8A6-5CE913271DDE}.Debug|Any CPU.ActiveCfg = Debug|Any CPU
		{9193BA5C-0586-488A-A8A6-5CE913271DDE}.Debug|Any CPU.Build.0 = Debug|Any CPU
		{9193BA5C-0586-488A-A8A6-5CE913271DDE}.Debug|x86.ActiveCfg = Debug|Any CPU
		{9193BA5C-0586-488A-A8A6-5CE913271DDE}.Debug|x86.Build.0 = Debug|Any CPU
		{9193BA5C-0586-488A-A8A6-5CE913271DDE}.Release - ConsoleApp|Any CPU.ActiveCfg = Release|Any CPU
		{9193BA5C-0586-488A-A8A6-5CE913271DDE}.Release - ConsoleApp|Any CPU.Build.0 = Release|Any CPU
		{9193BA5C-0586-488A-A8A6-5CE913271DDE}.Release - ConsoleApp|x86.ActiveCfg = Release|Any CPU
		{9193BA5C-0586-488A-A8A6-5CE913271DDE}.Release - ConsoleApp|x86.Build.0 = Release|Any CPU
		{9193BA5C-0586-488A-A8A6-5CE913271DDE}.Release - WinService|Any CPU.ActiveCfg = Release|Any CPU
		{9193BA5C-0586-488A-A8A6-5CE913271DDE}.Release - WinService|Any CPU.Build.0 = Release|Any CPU
		{9193BA5C-0586-488A-A8A6-5CE913271DDE}.Release - WinService|x86.ActiveCfg = Release|Any CPU
		{9193BA5C-0586-488A-A8A6-5CE913271DDE}.Release - WinService|x86.Build.0 = Release|Any CPU
		{9193BA5C-0586-488A-A8A6-5CE913271DDE}.Release|Any CPU.ActiveCfg = Release|Any CPU
		{9193BA5C-0586-488A-A8A6-5CE913271DDE}.Release|Any CPU.Build.0 = Release|Any CPU
		{9193BA5C-0586-488A-A8A6-5CE913271DDE}.Release|x86.ActiveCfg = Release|Any CPU
		{9193BA5C-0586-488A-A8A6-5CE913271DDE}.Release|x86.Build.0 = Release|Any CPU
		{CD29B942-E302-4EBF-AAAF-8B7C145E2F8D}.Debug - ConsoleApp|Any CPU.ActiveCfg = Debug|Any CPU
		{CD29B942-E302-4EBF-AAAF-8B7C145E2F8D}.Debug - ConsoleApp|Any CPU.Build.0 = Debug|Any CPU
		{CD29B942-E302-4EBF-AAAF-8B7C145E2F8D}.Debug - ConsoleApp|x86.ActiveCfg = Debug|Any CPU
		{CD29B942-E302-4EBF-AAAF-8B7C145E2F8D}.Debug - ConsoleApp|x86.Build.0 = Debug|Any CPU
		{CD29B942-E302-4EBF-AAAF-8B7C145E2F8D}.Debug - WinService|Any CPU.ActiveCfg = Debug|Any CPU
		{CD29B942-E302-4EBF-AAAF-8B7C145E2F8D}.Debug - WinService|Any CPU.Build.0 = Debug|Any CPU
		{CD29B942-E302-4EBF-AAAF-8B7C145E2F8D}.Debug - WinService|x86.ActiveCfg = Debug|Any CPU
		{CD29B942-E302-4EBF-AAAF-8B7C145E2F8D}.Debug - WinService|x86.Build.0 = Debug|Any CPU
		{CD29B942-E302-4EBF-AAAF-8B7C145E2F8D}.Debug|Any CPU.ActiveCfg = Debug|Any CPU
		{CD29B942-E302-4EBF-AAAF-8B7C145E2F8D}.Debug|Any CPU.Build.0 = Debug|Any CPU
		{CD29B942-E302-4EBF-AAAF-8B7C145E2F8D}.Debug|x86.ActiveCfg = Debug|Any CPU
		{CD29B942-E302-4EBF-AAAF-8B7C145E2F8D}.Debug|x86.Build.0 = Debug|Any CPU
		{CD29B942-E302-4EBF-AAAF-8B7C145E2F8D}.Release - ConsoleApp|Any CPU.ActiveCfg = Release|Any CPU
		{CD29B942-E302-4EBF-AAAF-8B7C145E2F8D}.Release - ConsoleApp|Any CPU.Build.0 = Release|Any CPU
		{CD29B942-E302-4EBF-AAAF-8B7C145E2F8D}.Release - ConsoleApp|x86.ActiveCfg = Release|Any CPU
		{CD29B942-E302-4EBF-AAAF-8B7C145E2F8D}.Release - ConsoleApp|x86.Build.0 = Release|Any CPU
		{CD29B942-E302-4EBF-AAAF-8B7C145E2F8D}.Release - WinService|Any CPU.ActiveCfg = Release|Any CPU
		{CD29B942-E302-4EBF-AAAF-8B7C145E2F8D}.Release - WinService|Any CPU.Build.0 = Release|Any CPU
		{CD29B942-E302-4EBF-AAAF-8B7C145E2F8D}.Release - WinService|x86.ActiveCfg = Release|Any CPU
		{CD29B942-E302-4EBF-AAAF-8B7C145E2F8D}.Release - WinService|x86.Build.0 = Release|Any CPU
		{CD29B942-E302-4EBF-AAAF-8B7C145E2F8D}.Release|Any CPU.ActiveCfg = Release|Any CPU
		{CD29B942-E302-4EBF-AAAF-8B7C145E2F8D}.Release|Any CPU.Build.0 = Release|Any CPU
		{CD29B942-E302-4EBF-AAAF-8B7C145E2F8D}.Release|x86.ActiveCfg = Release|Any CPU
		{CD29B942-E302-4EBF-AAAF-8B7C145E2F8D}.Release|x86.Build.0 = Release|Any CPU
		{0418F98E-B372-486B-9443-AA4AD33C008E}.Debug - ConsoleApp|Any CPU.ActiveCfg = Debug|Any CPU
		{0418F98E-B372-486B-9443-AA4AD33C008E}.Debug - ConsoleApp|Any CPU.Build.0 = Debug|Any CPU
		{0418F98E-B372-486B-9443-AA4AD33C008E}.Debug - ConsoleApp|x86.ActiveCfg = Debug|Any CPU
		{0418F98E-B372-486B-9443-AA4AD33C008E}.Debug - ConsoleApp|x86.Build.0 = Debug|Any CPU
		{0418F98E-B372-486B-9443-AA4AD33C008E}.Debug - WinService|Any CPU.ActiveCfg = Debug|Any CPU
		{0418F98E-B372-486B-9443-AA4AD33C008E}.Debug - WinService|Any CPU.Build.0 = Debug|Any CPU
		{0418F98E-B372-486B-9443-AA4AD33C008E}.Debug - WinService|x86.ActiveCfg = Debug|Any CPU
		{0418F98E-B372-486B-9443-AA4AD33C008E}.Debug - WinService|x86.Build.0 = Debug|Any CPU
		{0418F98E-B372-486B-9443-AA4AD33C008E}.Debug|Any CPU.ActiveCfg = Debug|Any CPU
		{0418F98E-B372-486B-9443-AA4AD33C008E}.Debug|Any CPU.Build.0 = Debug|Any CPU
		{0418F98E-B372-486B-9443-AA4AD33C008E}.Debug|x86.ActiveCfg = Debug|Any CPU
		{0418F98E-B372-486B-9443-AA4AD33C008E}.Debug|x86.Build.0 = Debug|Any CPU
		{0418F98E-B372-486B-9443-AA4AD33C008E}.Release - ConsoleApp|Any CPU.ActiveCfg = Release|Any CPU
		{0418F98E-B372-486B-9443-AA4AD33C008E}.Release - ConsoleApp|Any CPU.Build.0 = Release|Any CPU
		{0418F98E-B372-486B-9443-AA4AD33C008E}.Release - ConsoleApp|x86.ActiveCfg = Release|Any CPU
		{0418F98E-B372-486B-9443-AA4AD33C008E}.Release - ConsoleApp|x86.Build.0 = Release|Any CPU
		{0418F98E-B372-486B-9443-AA4AD33C008E}.Release - WinService|Any CPU.ActiveCfg = Release|Any CPU
		{0418F98E-B372-486B-9443-AA4AD33C008E}.Release - WinService|Any CPU.Build.0 = Release|Any CPU
		{0418F98E-B372-486B-9443-AA4AD33C008E}.Release - WinService|x86.ActiveCfg = Release|Any CPU
		{0418F98E-B372-486B-9443-AA4AD33C008E}.Release - WinService|x86.Build.0 = Release|Any CPU
		{0418F98E-B372-486B-9443-AA4AD33C008E}.Release|Any CPU.ActiveCfg = Release|Any CPU
		{0418F98E-B372-486B-9443-AA4AD33C008E}.Release|Any CPU.Build.0 = Release|Any CPU
		{0418F98E-B372-486B-9443-AA4AD33C008E}.Release|x86.ActiveCfg = Release|Any CPU
		{0418F98E-B372-486B-9443-AA4AD33C008E}.Release|x86.Build.0 = Release|Any CPU
		{EB189022-211A-492D-9CB7-6D2B4B2AE5E2}.Debug - ConsoleApp|Any CPU.ActiveCfg = Debug|Any CPU
		{EB189022-211A-492D-9CB7-6D2B4B2AE5E2}.Debug - ConsoleApp|Any CPU.Build.0 = Debug|Any CPU
		{EB189022-211A-492D-9CB7-6D2B4B2AE5E2}.Debug - ConsoleApp|x86.ActiveCfg = Debug|Any CPU
		{EB189022-211A-492D-9CB7-6D2B4B2AE5E2}.Debug - ConsoleApp|x86.Build.0 = Debug|Any CPU
		{EB189022-211A-492D-9CB7-6D2B4B2AE5E2}.Debug - WinService|Any CPU.ActiveCfg = Debug|Any CPU
		{EB189022-211A-492D-9CB7-6D2B4B2AE5E2}.Debug - WinService|Any CPU.Build.0 = Debug|Any CPU
		{EB189022-211A-492D-9CB7-6D2B4B2AE5E2}.Debug - WinService|x86.ActiveCfg = Debug|Any CPU
		{EB189022-211A-492D-9CB7-6D2B4B2AE5E2}.Debug - WinService|x86.Build.0 = Debug|Any CPU
		{EB189022-211A-492D-9CB7-6D2B4B2AE5E2}.Debug|Any CPU.ActiveCfg = Debug|Any CPU
		{EB189022-211A-492D-9CB7-6D2B4B2AE5E2}.Debug|Any CPU.Build.0 = Debug|Any CPU
		{EB189022-211A-492D-9CB7-6D2B4B2AE5E2}.Debug|x86.ActiveCfg = Debug|Any CPU
		{EB189022-211A-492D-9CB7-6D2B4B2AE5E2}.Debug|x86.Build.0 = Debug|Any CPU
		{EB189022-211A-492D-9CB7-6D2B4B2AE5E2}.Release - ConsoleApp|Any CPU.ActiveCfg = Release|Any CPU
		{EB189022-211A-492D-9CB7-6D2B4B2AE5E2}.Release - ConsoleApp|Any CPU.Build.0 = Release|Any CPU
		{EB189022-211A-492D-9CB7-6D2B4B2AE5E2}.Release - ConsoleApp|x86.ActiveCfg = Release|Any CPU
		{EB189022-211A-492D-9CB7-6D2B4B2AE5E2}.Release - ConsoleApp|x86.Build.0 = Release|Any CPU
		{EB189022-211A-492D-9CB7-6D2B4B2AE5E2}.Release - WinService|Any CPU.ActiveCfg = Release|Any CPU
		{EB189022-211A-492D-9CB7-6D2B4B2AE5E2}.Release - WinService|Any CPU.Build.0 = Release|Any CPU
		{EB189022-211A-492D-9CB7-6D2B4B2AE5E2}.Release - WinService|x86.ActiveCfg = Release|Any CPU
		{EB189022-211A-492D-9CB7-6D2B4B2AE5E2}.Release - WinService|x86.Build.0 = Release|Any CPU
		{EB189022-211A-492D-9CB7-6D2B4B2AE5E2}.Release|Any CPU.ActiveCfg = Release|Any CPU
		{EB189022-211A-492D-9CB7-6D2B4B2AE5E2}.Release|Any CPU.Build.0 = Release|Any CPU
		{EB189022-211A-492D-9CB7-6D2B4B2AE5E2}.Release|x86.ActiveCfg = Release|Any CPU
		{EB189022-211A-492D-9CB7-6D2B4B2AE5E2}.Release|x86.Build.0 = Release|Any CPU
	EndGlobalSection
	GlobalSection(SolutionProperties) = preSolution
		HideSolutionNode = FALSE
	EndGlobalSection
	GlobalSection(NestedProjects) = preSolution
		{08AFF202-E954-41D3-B574-2E2736A6030C} = {464E7482-6AE3-4989-8870-5B7418B30EEF}
		{A0861D10-992C-4891-8EB0-30BC7B031801} = {464E7482-6AE3-4989-8870-5B7418B30EEF}
	EndGlobalSection
	GlobalSection(ExtensibilityGlobals) = postSolution
		SolutionGuid = {ABFA9AE6-4C8A-4EE8-A1E2-AFE518D98746}
	EndGlobalSection
EndGlobal
